
Microsoft Visual Studio Solution File, Format Version 12.00
# Visual Studio 2012
Project("{FAE04EC0-301F-11D3-BF4B-00C04F79EFBC}") = "NBitcoin", "NBitcoin\NBitcoin.csproj", "{7B692A4C-412A-41BA-A1F8-5DF8F7450ABC}"
EndProject
Project("{FAE04EC0-301F-11D3-BF4B-00C04F79EFBC}") = "NBitcoin.Tests", "NBitcoin.Tests\NBitcoin.Tests.csproj", "{9F7C1BCF-0BCE-41D3-9DF3-D4939A98636D}"
EndProject
Project("{FAE04EC0-301F-11D3-BF4B-00C04F79EFBC}") = "Mono.Nat", "Mono.Nat\Mono.Nat.csproj", "{F5D74163-145F-47BF-83DC-D0E07249C6CA}"
EndProject
Project("{FAE04EC0-301F-11D3-BF4B-00C04F79EFBC}") = "NBitcoin.BouncyCastle", "NBitcoin.BouncyCastle\NBitcoin.BouncyCastle.csproj", "{19A848A9-333A-4918-AB7F-769A1F368051}"
EndProject
Project("{FAE04EC0-301F-11D3-BF4B-00C04F79EFBC}") = "Build", "Build\Build.csproj", "{FCD2502B-440B-4C39-8DD5-1052DEBBB0E3}"
EndProject
Project("{2150E333-8FDC-42A3-9474-1A3956D46DE8}") = ".nuget", ".nuget", "{FB4BE966-ECF6-4923-A0ED-3CB98DAF3591}"
	ProjectSection(SolutionItems) = preProject
		.nuget\NuGet.Config = .nuget\NuGet.Config
		.nuget\NuGet.exe = .nuget\NuGet.exe
		.nuget\NuGet.targets = .nuget\NuGet.targets
	EndProjectSection
EndProject
Global
	GlobalSection(SolutionConfigurationPlatforms) = preSolution
		Debug|Any CPU = Debug|Any CPU
		Release|Any CPU = Release|Any CPU
	EndGlobalSection
	GlobalSection(ProjectConfigurationPlatforms) = postSolution
		{7B692A4C-412A-41BA-A1F8-5DF8F7450ABC}.Debug|Any CPU.ActiveCfg = Debug|Any CPU
		{7B692A4C-412A-41BA-A1F8-5DF8F7450ABC}.Debug|Any CPU.Build.0 = Debug|Any CPU
		{7B692A4C-412A-41BA-A1F8-5DF8F7450ABC}.Release|Any CPU.ActiveCfg = Release|Any CPU
		{7B692A4C-412A-41BA-A1F8-5DF8F7450ABC}.Release|Any CPU.Build.0 = Release|Any CPU
		{9F7C1BCF-0BCE-41D3-9DF3-D4939A98636D}.Debug|Any CPU.ActiveCfg = Debug|Any CPU
		{9F7C1BCF-0BCE-41D3-9DF3-D4939A98636D}.Debug|Any CPU.Build.0 = Debug|Any CPU
		{9F7C1BCF-0BCE-41D3-9DF3-D4939A98636D}.Release|Any CPU.ActiveCfg = Release|Any CPU
		{9F7C1BCF-0BCE-41D3-9DF3-D4939A98636D}.Release|Any CPU.Build.0 = Release|Any CPU
		{F5D74163-145F-47BF-83DC-D0E07249C6CA}.Debug|Any CPU.ActiveCfg = Debug|Any CPU
		{F5D74163-145F-47BF-83DC-D0E07249C6CA}.Debug|Any CPU.Build.0 = Debug|Any CPU
		{F5D74163-145F-47BF-83DC-D0E07249C6CA}.Release|Any CPU.ActiveCfg = Release|Any CPU
		{F5D74163-145F-47BF-83DC-D0E07249C6CA}.Release|Any CPU.Build.0 = Release|Any CPU
		{19A848A9-333A-4918-AB7F-769A1F368051}.Debug|Any CPU.ActiveCfg = Debug|Any CPU
		{19A848A9-333A-4918-AB7F-769A1F368051}.Debug|Any CPU.Build.0 = Debug|Any CPU
		{19A848A9-333A-4918-AB7F-769A1F368051}.Release|Any CPU.ActiveCfg = Release|Any CPU
		{19A848A9-333A-4918-AB7F-769A1F368051}.Release|Any CPU.Build.0 = Release|Any CPU
		{FCD2502B-440B-4C39-8DD5-1052DEBBB0E3}.Debug|Any CPU.ActiveCfg = Debug|Any CPU
		{FCD2502B-440B-4C39-8DD5-1052DEBBB0E3}.Debug|Any CPU.Build.0 = Debug|Any CPU
		{FCD2502B-440B-4C39-8DD5-1052DEBBB0E3}.Release|Any CPU.ActiveCfg = Release|Any CPU
		{FCD2502B-440B-4C39-8DD5-1052DEBBB0E3}.Release|Any CPU.Build.0 = Release|Any CPU
	EndGlobalSection
	GlobalSection(SolutionProperties) = preSolution
		HideSolutionNode = FALSE
	EndGlobalSection
EndGlobal
