
Microsoft Visual Studio Solution File, Format Version 12.00
# Visual Studio 15
VisualStudioVersion = 15.0.26430.6
MinimumVisualStudioVersion = 10.0.40219.1
Project("{9A19103F-16F7-4668-BE54-9A1E7A4F7556}") = "NBitcoin", "NBitcoin\NBitcoin.csproj", "{7B692A4C-412A-41BA-A1F8-5DF8F7450ABC}"
EndProject
Project("{2150E333-8FDC-42A3-9474-1A3956D46DE8}") = ".nuget", ".nuget", "{FB4BE966-ECF6-4923-A0ED-3CB98DAF3591}"
	ProjectSection(SolutionItems) = preProject
		.nuget\NuGet.Config = .nuget\NuGet.Config
		.nuget\NuGet.exe = .nuget\NuGet.exe
		.nuget\NuGet.targets = .nuget\NuGet.targets
	EndProjectSection
EndProject
Project("{9A19103F-16F7-4668-BE54-9A1E7A4F7556}") = "NBitcoin.Tests", "NBitcoin.Tests\NBitcoin.Tests.csproj", "{9F7C1BCF-0BCE-41D3-9DF3-D4939A98636D}"
EndProject
Project("{9A19103F-16F7-4668-BE54-9A1E7A4F7556}") = "NBitcoin.Altcoins", "NBitcoin.Altcoins\NBitcoin.Altcoins.csproj", "{3588C2BF-783C-4DBF-ADBC-16C78B8B109A}"
EndProject
Project("{9A19103F-16F7-4668-BE54-9A1E7A4F7556}") = "NBitcoin.TestFramework", "NBitcoin.TestFramework\NBitcoin.TestFramework.csproj", "{653C0F21-25FE-4B72-95AC-20D070A45415}"
EndProject
Project("{FAE04EC0-301F-11D3-BF4B-00C04F79EFBC}") = "NBitcoin.Bench", "NBitcoin.Bench\NBitcoin.Bench.csproj", "{153FEA8A-FA98-4ADD-8570-5FD88631C489}"
EndProject
Project("{F2A71F9B-5D33-465A-A702-920D77279786}") = "NBitcoin.Miniscript", "NBitcoin.Miniscript\NBitcoin.Miniscript.fsproj", "{F00D2B30-F9DA-40AC-AC4C-B1765A2FD7BA}"
EndProject
Project("{2150E333-8FDC-42A3-9474-1A3956D46DE8}") = "NBitcoin.Miniscript.Tests", "NBitcoin.Miniscript.Tests", "{961EC18E-0301-4917-B91C-EBE7AFF6F7A7}"
EndProject
Project("{FAE04EC0-301F-11D3-BF4B-00C04F79EFBC}") = "NBitcoin.Miniscript.Tests.CSharp", "NBitcoin.Miniscript.Tests\CSharp\NBitcoin.Miniscript.Tests.CSharp.csproj", "{C890F563-03B6-43AB-83CF-E7EF865DC9F6}"
EndProject
Project("{F2A71F9B-5D33-465A-A702-920D77279786}") = "NBitcoin.Miniscript.Tests.FSharp", "NBitcoin.Miniscript.Tests\FSharp\NBitcoin.Miniscript.Tests.FSharp.fsproj", "{59132A30-5C07-4617-836C-36D8CF621C6E}"
EndProject
Global
	GlobalSection(SolutionConfigurationPlatforms) = preSolution
		Debug|Any CPU = Debug|Any CPU
		Release|Any CPU = Release|Any CPU
	EndGlobalSection
	GlobalSection(ProjectConfigurationPlatforms) = postSolution
		{7B692A4C-412A-41BA-A1F8-5DF8F7450ABC}.Debug|Any CPU.ActiveCfg = Debug|Any CPU
		{7B692A4C-412A-41BA-A1F8-5DF8F7450ABC}.Debug|Any CPU.Build.0 = Debug|Any CPU
		{7B692A4C-412A-41BA-A1F8-5DF8F7450ABC}.Release|Any CPU.ActiveCfg = Release|Any CPU
		{7B692A4C-412A-41BA-A1F8-5DF8F7450ABC}.Release|Any CPU.Build.0 = Release|Any CPU
		{9F7C1BCF-0BCE-41D3-9DF3-D4939A98636D}.Debug|Any CPU.ActiveCfg = Debug|Any CPU
		{9F7C1BCF-0BCE-41D3-9DF3-D4939A98636D}.Debug|Any CPU.Build.0 = Debug|Any CPU
		{9F7C1BCF-0BCE-41D3-9DF3-D4939A98636D}.Release|Any CPU.ActiveCfg = Release|Any CPU
		{9F7C1BCF-0BCE-41D3-9DF3-D4939A98636D}.Release|Any CPU.Build.0 = Release|Any CPU
		{3588C2BF-783C-4DBF-ADBC-16C78B8B109A}.Debug|Any CPU.ActiveCfg = Debug|Any CPU
		{3588C2BF-783C-4DBF-ADBC-16C78B8B109A}.Debug|Any CPU.Build.0 = Debug|Any CPU
		{3588C2BF-783C-4DBF-ADBC-16C78B8B109A}.Release|Any CPU.ActiveCfg = Release|Any CPU
		{3588C2BF-783C-4DBF-ADBC-16C78B8B109A}.Release|Any CPU.Build.0 = Release|Any CPU
		{653C0F21-25FE-4B72-95AC-20D070A45415}.Debug|Any CPU.ActiveCfg = Debug|Any CPU
		{653C0F21-25FE-4B72-95AC-20D070A45415}.Debug|Any CPU.Build.0 = Debug|Any CPU
		{653C0F21-25FE-4B72-95AC-20D070A45415}.Release|Any CPU.ActiveCfg = Release|Any CPU
		{653C0F21-25FE-4B72-95AC-20D070A45415}.Release|Any CPU.Build.0 = Release|Any CPU
		{153FEA8A-FA98-4ADD-8570-5FD88631C489}.Debug|Any CPU.ActiveCfg = Debug|Any CPU
		{153FEA8A-FA98-4ADD-8570-5FD88631C489}.Debug|Any CPU.Build.0 = Debug|Any CPU
		{153FEA8A-FA98-4ADD-8570-5FD88631C489}.Release|Any CPU.ActiveCfg = Release|Any CPU
		{153FEA8A-FA98-4ADD-8570-5FD88631C489}.Release|Any CPU.Build.0 = Release|Any CPU
		{F00D2B30-F9DA-40AC-AC4C-B1765A2FD7BA}.Debug|Any CPU.ActiveCfg = Debug|Any CPU
		{F00D2B30-F9DA-40AC-AC4C-B1765A2FD7BA}.Debug|Any CPU.Build.0 = Debug|Any CPU
		{F00D2B30-F9DA-40AC-AC4C-B1765A2FD7BA}.Release|Any CPU.ActiveCfg = Release|Any CPU
		{F00D2B30-F9DA-40AC-AC4C-B1765A2FD7BA}.Release|Any CPU.Build.0 = Release|Any CPU
		{C890F563-03B6-43AB-83CF-E7EF865DC9F6}.Debug|Any CPU.ActiveCfg = Debug|Any CPU
		{C890F563-03B6-43AB-83CF-E7EF865DC9F6}.Debug|Any CPU.Build.0 = Debug|Any CPU
		{C890F563-03B6-43AB-83CF-E7EF865DC9F6}.Release|Any CPU.ActiveCfg = Release|Any CPU
		{C890F563-03B6-43AB-83CF-E7EF865DC9F6}.Release|Any CPU.Build.0 = Release|Any CPU
		{59132A30-5C07-4617-836C-36D8CF621C6E}.Debug|Any CPU.ActiveCfg = Debug|Any CPU
		{59132A30-5C07-4617-836C-36D8CF621C6E}.Debug|Any CPU.Build.0 = Debug|Any CPU
		{59132A30-5C07-4617-836C-36D8CF621C6E}.Release|Any CPU.ActiveCfg = Release|Any CPU
		{59132A30-5C07-4617-836C-36D8CF621C6E}.Release|Any CPU.Build.0 = Release|Any CPU
	EndGlobalSection
	GlobalSection(SolutionProperties) = preSolution
		HideSolutionNode = FALSE
	EndGlobalSection
	GlobalSection(ExtensibilityGlobals) = postSolution
		SolutionGuid = {A1246380-43E4-4710-99A7-F7524458155E}
	EndGlobalSection
	GlobalSection(NestedProjects) = preSolution
		{C890F563-03B6-43AB-83CF-E7EF865DC9F6} = {961EC18E-0301-4917-B91C-EBE7AFF6F7A7}
		{59132A30-5C07-4617-836C-36D8CF621C6E} = {961EC18E-0301-4917-B91C-EBE7AFF6F7A7}
	EndGlobalSection
EndGlobal
