Microsoft Visual Studio Solution File, Format Version 12.00
# Visual Studio Version 16
VisualStudioVersion = 16.0.29519.181
MinimumVisualStudioVersion = 10.0.40219.1
Project("{9A19103F-16F7-4668-BE54-9A1E7A4F7556}") = "NBitcoin", "NBitcoin\NBitcoin.csproj", "{7B692A4C-412A-41BA-A1F8-5DF8F7450ABC}"
EndProject
Project("{9A19103F-16F7-4668-BE54-9A1E7A4F7556}") = "NBitcoin.Tests", "NBitcoin.Tests\NBitcoin.Tests.csproj", "{9F7C1BCF-0BCE-41D3-9DF3-D4939A98636D}"
EndProject
Project("{9A19103F-16F7-4668-BE54-9A1E7A4F7556}") = "NBitcoin.Altcoins", "NBitcoin.Altcoins\NBitcoin.Altcoins.csproj", "{3588C2BF-783C-4DBF-ADBC-16C78B8B109A}"
EndProject
Project("{9A19103F-16F7-4668-BE54-9A1E7A4F7556}") = "NBitcoin.TestFramework", "NBitcoin.TestFramework\NBitcoin.TestFramework.csproj", "{653C0F21-25FE-4B72-95AC-20D070A45415}"
EndProject
Project("{9A19103F-16F7-4668-BE54-9A1E7A4F7556}") = "NBitcoin.Bench", "NBitcoin.Bench\NBitcoin.Bench.csproj", "{153FEA8A-FA98-4ADD-8570-5FD88631C489}"
EndProject
Project("{9A19103F-16F7-4668-BE54-9A1E7A4F7556}") = "NBitcoin.Secp256k1", "NBitcoin.Secp256k1\NBitcoin.Secp256k1.csproj", "{6E105AA4-767F-4045-B858-A7C400DCBC40}"
EndProject
Global
	GlobalSection(SolutionConfigurationPlatforms) = preSolution
		Debug|Any CPU = Debug|Any CPU
		Release|Any CPU = Release|Any CPU
	EndGlobalSection
	GlobalSection(ProjectConfigurationPlatforms) = postSolution
		{7B692A4C-412A-41BA-A1F8-5DF8F7450ABC}.Debug|Any CPU.ActiveCfg = Debug|Any CPU
		{7B692A4C-412A-41BA-A1F8-5DF8F7450ABC}.Debug|Any CPU.Build.0 = Debug|Any CPU
		{7B692A4C-412A-41BA-A1F8-5DF8F7450ABC}.Release|Any CPU.ActiveCfg = Release|Any CPU
		{7B692A4C-412A-41BA-A1F8-5DF8F7450ABC}.Release|Any CPU.Build.0 = Release|Any CPU
		{9F7C1BCF-0BCE-41D3-9DF3-D4939A98636D}.Debug|Any CPU.ActiveCfg = Debug|Any CPU
		{9F7C1BCF-0BCE-41D3-9DF3-D4939A98636D}.Debug|Any CPU.Build.0 = Debug|Any CPU
		{9F7C1BCF-0BCE-41D3-9DF3-D4939A98636D}.Release|Any CPU.ActiveCfg = Release|Any CPU
		{9F7C1BCF-0BCE-41D3-9DF3-D4939A98636D}.Release|Any CPU.Build.0 = Release|Any CPU
		{3588C2BF-783C-4DBF-ADBC-16C78B8B109A}.Debug|Any CPU.ActiveCfg = Debug|Any CPU
		{3588C2BF-783C-4DBF-ADBC-16C78B8B109A}.Debug|Any CPU.Build.0 = Debug|Any CPU
		{3588C2BF-783C-4DBF-ADBC-16C78B8B109A}.Release|Any CPU.ActiveCfg = Release|Any CPU
		{3588C2BF-783C-4DBF-ADBC-16C78B8B109A}.Release|Any CPU.Build.0 = Release|Any CPU
		{653C0F21-25FE-4B72-95AC-20D070A45415}.Debug|Any CPU.ActiveCfg = Debug|Any CPU
		{653C0F21-25FE-4B72-95AC-20D070A45415}.Debug|Any CPU.Build.0 = Debug|Any CPU
		{653C0F21-25FE-4B72-95AC-20D070A45415}.Release|Any CPU.ActiveCfg = Release|Any CPU
		{653C0F21-25FE-4B72-95AC-20D070A45415}.Release|Any CPU.Build.0 = Release|Any CPU
		{153FEA8A-FA98-4ADD-8570-5FD88631C489}.Debug|Any CPU.ActiveCfg = Debug|Any CPU
		{153FEA8A-FA98-4ADD-8570-5FD88631C489}.Debug|Any CPU.Build.0 = Debug|Any CPU
		{153FEA8A-FA98-4ADD-8570-5FD88631C489}.Release|Any CPU.ActiveCfg = Release|Any CPU
		{153FEA8A-FA98-4ADD-8570-5FD88631C489}.Release|Any CPU.Build.0 = Release|Any CPU
		{6E105AA4-767F-4045-B858-A7C400DCBC40}.Debug|Any CPU.ActiveCfg = Debug|Any CPU
		{6E105AA4-767F-4045-B858-A7C400DCBC40}.Debug|Any CPU.Build.0 = Debug|Any CPU
		{6E105AA4-767F-4045-B858-A7C400DCBC40}.Release|Any CPU.ActiveCfg = Release|Any CPU
		{6E105AA4-767F-4045-B858-A7C400DCBC40}.Release|Any CPU.Build.0 = Release|Any CPU
	EndGlobalSection
	GlobalSection(SolutionProperties) = preSolution
		HideSolutionNode = FALSE
	EndGlobalSection
	GlobalSection(ExtensibilityGlobals) = postSolution
		SolutionGuid = {A1246380-43E4-4710-99A7-F7524458155E}
	EndGlobalSection
EndGlobal
