
Microsoft Visual Studio Solution File, Format Version 12.00
# Visual Studio 14
VisualStudioVersion = 14.0.25420.1
MinimumVisualStudioVersion = 10.0.40219.1
Project("{8BB2217D-0F2D-49D1-97BC-3654ED321F3B}") = "nStratis.NETCore", "nStratis.NETCore\nStratis.NETCore.xproj", "{1E7D9343-B93F-4011-B819-0BADE4394885}"
EndProject
Project("{8BB2217D-0F2D-49D1-97BC-3654ED321F3B}") = "nStratis.NETCore.Tests", "nStratis.NETCore.Tests\nStratis.NETCore.Tests.xproj", "{8F560879-9706-4A25-9CFC-EE76234424DA}"
EndProject
Project("{8BB2217D-0F2D-49D1-97BC-3654ED321F3B}") = "HashLib.NETCore", "Hashing\HashLib.NETCore\HashLib.NETCore.xproj", "{DC0D9DCD-166C-4EC4-B7CD-DD3BFE28B38C}"
EndProject
Project("{2150E333-8FDC-42A3-9474-1A3956D46DE8}") = "Solution Items", "Solution Items", "{DCECC5CD-F23F-4314-8D73-50C54E358514}"
	ProjectSection(SolutionItems) = preProject
		global.json = global.json
	EndProjectSection
EndProject
Global
	GlobalSection(SolutionConfigurationPlatforms) = preSolution
		Debug|Any CPU = Debug|Any CPU
		Release|Any CPU = Release|Any CPU
	EndGlobalSection
	GlobalSection(ProjectConfigurationPlatforms) = postSolution
		{1E7D9343-B93F-4011-B819-0BADE4394885}.Debug|Any CPU.ActiveCfg = Debug|Any CPU
		{1E7D9343-B93F-4011-B819-0BADE4394885}.Debug|Any CPU.Build.0 = Debug|Any CPU
		{1E7D9343-B93F-4011-B819-0BADE4394885}.Release|Any CPU.ActiveCfg = Release|Any CPU
		{1E7D9343-B93F-4011-B819-0BADE4394885}.Release|Any CPU.Build.0 = Release|Any CPU
		{8F560879-9706-4A25-9CFC-EE76234424DA}.Debug|Any CPU.ActiveCfg = Debug|Any CPU
		{8F560879-9706-4A25-9CFC-EE76234424DA}.Debug|Any CPU.Build.0 = Debug|Any CPU
		{8F560879-9706-4A25-9CFC-EE76234424DA}.Release|Any CPU.ActiveCfg = Release|Any CPU
		{8F560879-9706-4A25-9CFC-EE76234424DA}.Release|Any CPU.Build.0 = Release|Any CPU
		{DC0D9DCD-166C-4EC4-B7CD-DD3BFE28B38C}.Debug|Any CPU.ActiveCfg = Debug|Any CPU
		{DC0D9DCD-166C-4EC4-B7CD-DD3BFE28B38C}.Debug|Any CPU.Build.0 = Debug|Any CPU
		{DC0D9DCD-166C-4EC4-B7CD-DD3BFE28B38C}.Release|Any CPU.ActiveCfg = Release|Any CPU
		{DC0D9DCD-166C-4EC4-B7CD-DD3BFE28B38C}.Release|Any CPU.Build.0 = Release|Any CPU
	EndGlobalSection
	GlobalSection(SolutionProperties) = preSolution
		HideSolutionNode = FALSE
	EndGlobalSection
EndGlobal
