
Microsoft Visual Studio Solution File, Format Version 12.00
# Visual Studio 15
VisualStudioVersion = 15.0.26403.3
MinimumVisualStudioVersion = 10.0.40219.1
Project("{9A19103F-16F7-4668-BE54-9A1E7A4F7556}") = "NBitcoin", "NBitcoin\NBitcoin.csproj", "{112250E8-C20B-4703-B8B2-2FA4B882C082}"
EndProject
Project("{2150E333-8FDC-42A3-9474-1A3956D46DE8}") = "Hashing", "Hashing", "{8D0E0248-34B4-4E25-AF02-7ACBFD185F02}"
EndProject
Project("{9A19103F-16F7-4668-BE54-9A1E7A4F7556}") = "HashLib", "Hashing\HashLib\HashLib.csproj", "{22F7260E-2F8C-42F1-85D1-4A9776601075}"
EndProject
Project("{FAE04EC0-301F-11D3-BF4B-00C04F79EFBC}") = "TomanuExtensions", "Hashing\TomanuExtensions\TomanuExtensions.csproj", "{4653B49E-D5A5-43B7-8CED-160E7BC09917}"
EndProject
Project("{FAE04EC0-301F-11D3-BF4B-00C04F79EFBC}") = "NBitcoin.Tests", "NBitcoin.Tests\NBitcoin.Tests.csproj", "{79A3BED7-79D3-4A02-983C-62234C8EA001}"
EndProject
Project("{FAE04EC0-301F-11D3-BF4B-00C04F79EFBC}") = "HashLibReferencedAsNET45", "Hashing\HashLib\HashLibReferencedAsNET45.csproj", "{5AAC157C-0D4F-4B53-B863-A2B3D1DDDDAC}"
EndProject
Project("{2150E333-8FDC-42A3-9474-1A3956D46DE8}") = "Tests", "Tests", "{8C53C74D-C292-4031-83DE-2FEE3A045EFE}"
EndProject
Project("{FAE04EC0-301F-11D3-BF4B-00C04F79EFBC}") = "HashLibTest", "Hashing\HashLibTest\HashLibTest.csproj", "{F38139F9-CCB4-4A02-A752-B4FC3D1A81D3}"
EndProject
Global
	GlobalSection(SolutionConfigurationPlatforms) = preSolution
		Debug|Any CPU = Debug|Any CPU
		Debug|x64 = Debug|x64
		Debug|x86 = Debug|x86
		Release|Any CPU = Release|Any CPU
		Release|x64 = Release|x64
		Release|x86 = Release|x86
	EndGlobalSection
	GlobalSection(ProjectConfigurationPlatforms) = postSolution
		{112250E8-C20B-4703-B8B2-2FA4B882C082}.Debug|Any CPU.ActiveCfg = Debug|Any CPU
		{112250E8-C20B-4703-B8B2-2FA4B882C082}.Debug|Any CPU.Build.0 = Debug|Any CPU
		{112250E8-C20B-4703-B8B2-2FA4B882C082}.Debug|x64.ActiveCfg = Debug|Any CPU
		{112250E8-C20B-4703-B8B2-2FA4B882C082}.Debug|x64.Build.0 = Debug|Any CPU
		{112250E8-C20B-4703-B8B2-2FA4B882C082}.Debug|x86.ActiveCfg = Debug|Any CPU
		{112250E8-C20B-4703-B8B2-2FA4B882C082}.Debug|x86.Build.0 = Debug|Any CPU
		{112250E8-C20B-4703-B8B2-2FA4B882C082}.Release|Any CPU.ActiveCfg = Release|Any CPU
		{112250E8-C20B-4703-B8B2-2FA4B882C082}.Release|Any CPU.Build.0 = Release|Any CPU
		{112250E8-C20B-4703-B8B2-2FA4B882C082}.Release|x64.ActiveCfg = Release|Any CPU
		{112250E8-C20B-4703-B8B2-2FA4B882C082}.Release|x64.Build.0 = Release|Any CPU
		{112250E8-C20B-4703-B8B2-2FA4B882C082}.Release|x86.ActiveCfg = Release|Any CPU
		{112250E8-C20B-4703-B8B2-2FA4B882C082}.Release|x86.Build.0 = Release|Any CPU
		{22F7260E-2F8C-42F1-85D1-4A9776601075}.Debug|Any CPU.ActiveCfg = Debug|Any CPU
		{22F7260E-2F8C-42F1-85D1-4A9776601075}.Debug|Any CPU.Build.0 = Debug|Any CPU
		{22F7260E-2F8C-42F1-85D1-4A9776601075}.Debug|x64.ActiveCfg = Debug|Any CPU
		{22F7260E-2F8C-42F1-85D1-4A9776601075}.Debug|x64.Build.0 = Debug|Any CPU
		{22F7260E-2F8C-42F1-85D1-4A9776601075}.Debug|x86.ActiveCfg = Debug|Any CPU
		{22F7260E-2F8C-42F1-85D1-4A9776601075}.Debug|x86.Build.0 = Debug|Any CPU
		{22F7260E-2F8C-42F1-85D1-4A9776601075}.Release|Any CPU.ActiveCfg = Release|Any CPU
		{22F7260E-2F8C-42F1-85D1-4A9776601075}.Release|Any CPU.Build.0 = Release|Any CPU
		{22F7260E-2F8C-42F1-85D1-4A9776601075}.Release|x64.ActiveCfg = Release|Any CPU
		{22F7260E-2F8C-42F1-85D1-4A9776601075}.Release|x64.Build.0 = Release|Any CPU
		{22F7260E-2F8C-42F1-85D1-4A9776601075}.Release|x86.ActiveCfg = Release|Any CPU
		{22F7260E-2F8C-42F1-85D1-4A9776601075}.Release|x86.Build.0 = Release|Any CPU
		{4653B49E-D5A5-43B7-8CED-160E7BC09917}.Debug|Any CPU.ActiveCfg = Debug|Any CPU
		{4653B49E-D5A5-43B7-8CED-160E7BC09917}.Debug|Any CPU.Build.0 = Debug|Any CPU
		{4653B49E-D5A5-43B7-8CED-160E7BC09917}.Debug|x64.ActiveCfg = Debug|x64
		{4653B49E-D5A5-43B7-8CED-160E7BC09917}.Debug|x64.Build.0 = Debug|x64
		{4653B49E-D5A5-43B7-8CED-160E7BC09917}.Debug|x86.ActiveCfg = Debug|x86
		{4653B49E-D5A5-43B7-8CED-160E7BC09917}.Debug|x86.Build.0 = Debug|x86
		{4653B49E-D5A5-43B7-8CED-160E7BC09917}.Release|Any CPU.ActiveCfg = Release|Any CPU
		{4653B49E-D5A5-43B7-8CED-160E7BC09917}.Release|Any CPU.Build.0 = Release|Any CPU
		{4653B49E-D5A5-43B7-8CED-160E7BC09917}.Release|x64.ActiveCfg = Release|x64
		{4653B49E-D5A5-43B7-8CED-160E7BC09917}.Release|x64.Build.0 = Release|x64
		{4653B49E-D5A5-43B7-8CED-160E7BC09917}.Release|x86.ActiveCfg = Release|x86
		{4653B49E-D5A5-43B7-8CED-160E7BC09917}.Release|x86.Build.0 = Release|x86
		{79A3BED7-79D3-4A02-983C-62234C8EA001}.Debug|Any CPU.ActiveCfg = Debug|Any CPU
		{79A3BED7-79D3-4A02-983C-62234C8EA001}.Debug|Any CPU.Build.0 = Debug|Any CPU
		{79A3BED7-79D3-4A02-983C-62234C8EA001}.Debug|x64.ActiveCfg = Debug|Any CPU
		{79A3BED7-79D3-4A02-983C-62234C8EA001}.Debug|x64.Build.0 = Debug|Any CPU
		{79A3BED7-79D3-4A02-983C-62234C8EA001}.Debug|x86.ActiveCfg = Debug|Any CPU
		{79A3BED7-79D3-4A02-983C-62234C8EA001}.Debug|x86.Build.0 = Debug|Any CPU
		{79A3BED7-79D3-4A02-983C-62234C8EA001}.Release|Any CPU.ActiveCfg = Release|Any CPU
		{79A3BED7-79D3-4A02-983C-62234C8EA001}.Release|Any CPU.Build.0 = Release|Any CPU
		{79A3BED7-79D3-4A02-983C-62234C8EA001}.Release|x64.ActiveCfg = Release|Any CPU
		{79A3BED7-79D3-4A02-983C-62234C8EA001}.Release|x64.Build.0 = Release|Any CPU
		{79A3BED7-79D3-4A02-983C-62234C8EA001}.Release|x86.ActiveCfg = Release|Any CPU
		{79A3BED7-79D3-4A02-983C-62234C8EA001}.Release|x86.Build.0 = Release|Any CPU
		{5AAC157C-0D4F-4B53-B863-A2B3D1DDDDAC}.Debug|Any CPU.ActiveCfg = Debug|Any CPU
		{5AAC157C-0D4F-4B53-B863-A2B3D1DDDDAC}.Debug|Any CPU.Build.0 = Debug|Any CPU
		{5AAC157C-0D4F-4B53-B863-A2B3D1DDDDAC}.Debug|x64.ActiveCfg = Debug|Any CPU
		{5AAC157C-0D4F-4B53-B863-A2B3D1DDDDAC}.Debug|x64.Build.0 = Debug|Any CPU
		{5AAC157C-0D4F-4B53-B863-A2B3D1DDDDAC}.Debug|x86.ActiveCfg = Debug|Any CPU
		{5AAC157C-0D4F-4B53-B863-A2B3D1DDDDAC}.Debug|x86.Build.0 = Debug|Any CPU
		{5AAC157C-0D4F-4B53-B863-A2B3D1DDDDAC}.Release|Any CPU.ActiveCfg = Release|Any CPU
		{5AAC157C-0D4F-4B53-B863-A2B3D1DDDDAC}.Release|Any CPU.Build.0 = Release|Any CPU
		{5AAC157C-0D4F-4B53-B863-A2B3D1DDDDAC}.Release|x64.ActiveCfg = Release|Any CPU
		{5AAC157C-0D4F-4B53-B863-A2B3D1DDDDAC}.Release|x64.Build.0 = Release|Any CPU
		{5AAC157C-0D4F-4B53-B863-A2B3D1DDDDAC}.Release|x86.ActiveCfg = Release|Any CPU
		{5AAC157C-0D4F-4B53-B863-A2B3D1DDDDAC}.Release|x86.Build.0 = Release|Any CPU
		{F38139F9-CCB4-4A02-A752-B4FC3D1A81D3}.Debug|Any CPU.ActiveCfg = Debug|Any CPU
		{F38139F9-CCB4-4A02-A752-B4FC3D1A81D3}.Debug|Any CPU.Build.0 = Debug|Any CPU
		{F38139F9-CCB4-4A02-A752-B4FC3D1A81D3}.Debug|x64.ActiveCfg = Debug|x64
		{F38139F9-CCB4-4A02-A752-B4FC3D1A81D3}.Debug|x64.Build.0 = Debug|x64
		{F38139F9-CCB4-4A02-A752-B4FC3D1A81D3}.Debug|x86.ActiveCfg = Debug|x86
		{F38139F9-CCB4-4A02-A752-B4FC3D1A81D3}.Debug|x86.Build.0 = Debug|x86
		{F38139F9-CCB4-4A02-A752-B4FC3D1A81D3}.Release|Any CPU.ActiveCfg = Release|Any CPU
		{F38139F9-CCB4-4A02-A752-B4FC3D1A81D3}.Release|Any CPU.Build.0 = Release|Any CPU
		{F38139F9-CCB4-4A02-A752-B4FC3D1A81D3}.Release|x64.ActiveCfg = Release|x64
		{F38139F9-CCB4-4A02-A752-B4FC3D1A81D3}.Release|x64.Build.0 = Release|x64
		{F38139F9-CCB4-4A02-A752-B4FC3D1A81D3}.Release|x86.ActiveCfg = Release|x86
		{F38139F9-CCB4-4A02-A752-B4FC3D1A81D3}.Release|x86.Build.0 = Release|x86
	EndGlobalSection
	GlobalSection(SolutionProperties) = preSolution
		HideSolutionNode = FALSE
	EndGlobalSection
	GlobalSection(NestedProjects) = preSolution
		{22F7260E-2F8C-42F1-85D1-4A9776601075} = {8D0E0248-34B4-4E25-AF02-7ACBFD185F02}
		{4653B49E-D5A5-43B7-8CED-160E7BC09917} = {8C53C74D-C292-4031-83DE-2FEE3A045EFE}
		{5AAC157C-0D4F-4B53-B863-A2B3D1DDDDAC} = {8C53C74D-C292-4031-83DE-2FEE3A045EFE}
		{8C53C74D-C292-4031-83DE-2FEE3A045EFE} = {8D0E0248-34B4-4E25-AF02-7ACBFD185F02}
		{F38139F9-CCB4-4A02-A752-B4FC3D1A81D3} = {8C53C74D-C292-4031-83DE-2FEE3A045EFE}
	EndGlobalSection
EndGlobal
